// !$*UTF8*$!
{
	archiveVersion = 1;
	classes = {
	};
	objectVersion = 51;
	objects = {

/* Begin PBXBuildFile section */
		303B4ED846CD95ABE37003EC /* Pods_WeatherApp.framework in Frameworks */ = {isa = PBXBuildFile; fileRef = 0BF113E99DE1C7E8F307124C /* Pods_WeatherApp.framework */; };
		EFAEBC1C24B4661700FF660D /* AppDelegate.swift in Sources */ = {isa = PBXBuildFile; fileRef = EFAEBC1B24B4661700FF660D /* AppDelegate.swift */; };
		EFAEBC1E24B4661700FF660D /* SceneDelegate.swift in Sources */ = {isa = PBXBuildFile; fileRef = EFAEBC1D24B4661700FF660D /* SceneDelegate.swift */; };
		EFAEBC2024B4661700FF660D /* ViewController.swift in Sources */ = {isa = PBXBuildFile; fileRef = EFAEBC1F24B4661700FF660D /* ViewController.swift */; };
		EFAEBC2324B4661700FF660D /* Main.storyboard in Resources */ = {isa = PBXBuildFile; fileRef = EFAEBC2124B4661700FF660D /* Main.storyboard */; };
		EFAEBC2524B4661800FF660D /* Assets.xcassets in Resources */ = {isa = PBXBuildFile; fileRef = EFAEBC2424B4661800FF660D /* Assets.xcassets */; };
		EFAEBC2824B4661800FF660D /* LaunchScreen.storyboard in Resources */ = {isa = PBXBuildFile; fileRef = EFAEBC2624B4661800FF660D /* LaunchScreen.storyboard */; };
		EFAEBC3124B468AE00FF660D /* ApiManager.swift in Sources */ = {isa = PBXBuildFile; fileRef = EFAEBC3024B468AE00FF660D /* ApiManager.swift */; };
		EFAEBC3424B46B6600FF660D /* Constant.swift in Sources */ = {isa = PBXBuildFile; fileRef = EFAEBC3324B46B6600FF660D /* Constant.swift */; };
		EFAEBC5624B48E6400FF660D /* DetailViewController.swift in Sources */ = {isa = PBXBuildFile; fileRef = EFAEBC5524B48E6400FF660D /* DetailViewController.swift */; };
/* End PBXBuildFile section */

/* Begin PBXFileReference section */
		0BF113E99DE1C7E8F307124C /* Pods_WeatherApp.framework */ = {isa = PBXFileReference; explicitFileType = wrapper.framework; includeInIndex = 0; path = Pods_WeatherApp.framework; sourceTree = BUILT_PRODUCTS_DIR; };
		0C98C7942BD160FD71F25728 /* Pods-WeatherApp.release.xcconfig */ = {isa = PBXFileReference; includeInIndex = 1; lastKnownFileType = text.xcconfig; name = "Pods-WeatherApp.release.xcconfig"; path = "Target Support Files/Pods-WeatherApp/Pods-WeatherApp.release.xcconfig"; sourceTree = "<group>"; };
		A5D97DC864788EF7595A8067 /* Pods-WeatherApp.debug.xcconfig */ = {isa = PBXFileReference; includeInIndex = 1; lastKnownFileType = text.xcconfig; name = "Pods-WeatherApp.debug.xcconfig"; path = "Target Support Files/Pods-WeatherApp/Pods-WeatherApp.debug.xcconfig"; sourceTree = "<group>"; };
		EFAEBC1824B4661700FF660D /* WeatherApp.app */ = {isa = PBXFileReference; explicitFileType = wrapper.application; includeInIndex = 0; path = WeatherApp.app; sourceTree = BUILT_PRODUCTS_DIR; };
		EFAEBC1B24B4661700FF660D /* AppDelegate.swift */ = {isa = PBXFileReference; lastKnownFileType = sourcecode.swift; path = AppDelegate.swift; sourceTree = "<group>"; };
		EFAEBC1D24B4661700FF660D /* SceneDelegate.swift */ = {isa = PBXFileReference; lastKnownFileType = sourcecode.swift; path = SceneDelegate.swift; sourceTree = "<group>"; };
		EFAEBC1F24B4661700FF660D /* ViewController.swift */ = {isa = PBXFileReference; lastKnownFileType = sourcecode.swift; path = ViewController.swift; sourceTree = "<group>"; };
		EFAEBC2224B4661700FF660D /* Base */ = {isa = PBXFileReference; lastKnownFileType = file.storyboard; name = Base; path = Base.lproj/Main.storyboard; sourceTree = "<group>"; };
		EFAEBC2424B4661800FF660D /* Assets.xcassets */ = {isa = PBXFileReference; lastKnownFileType = folder.assetcatalog; path = Assets.xcassets; sourceTree = "<group>"; };
		EFAEBC2724B4661800FF660D /* Base */ = {isa = PBXFileReference; lastKnownFileType = file.storyboard; name = Base; path = Base.lproj/LaunchScreen.storyboard; sourceTree = "<group>"; };
		EFAEBC2924B4661800FF660D /* Info.plist */ = {isa = PBXFileReference; lastKnownFileType = text.plist.xml; path = Info.plist; sourceTree = "<group>"; };
		EFAEBC3024B468AE00FF660D /* ApiManager.swift */ = {isa = PBXFileReference; lastKnownFileType = sourcecode.swift; path = ApiManager.swift; sourceTree = "<group>"; };
		EFAEBC3324B46B6600FF660D /* Constant.swift */ = {isa = PBXFileReference; lastKnownFileType = sourcecode.swift; path = Constant.swift; sourceTree = "<group>"; };
		EFAEBC5524B48E6400FF660D /* DetailViewController.swift */ = {isa = PBXFileReference; lastKnownFileType = sourcecode.swift; path = DetailViewController.swift; sourceTree = "<group>"; };
/* End PBXFileReference section */

/* Begin PBXFrameworksBuildPhase section */
		EFAEBC1524B4661700FF660D /* Frameworks */ = {
			isa = PBXFrameworksBuildPhase;
			buildActionMask = 2147483647;
			files = (
				303B4ED846CD95ABE37003EC /* Pods_WeatherApp.framework in Frameworks */,
			);
			runOnlyForDeploymentPostprocessing = 0;
		};
/* End PBXFrameworksBuildPhase section */

/* Begin PBXGroup section */
		AA5E8F6C8ABFA7315645CA33 /* Frameworks */ = {
			isa = PBXGroup;
			children = (
				0BF113E99DE1C7E8F307124C /* Pods_WeatherApp.framework */,
			);
			name = Frameworks;
			sourceTree = "<group>";
		};
		EFAEBC0F24B4661700FF660D = {
			isa = PBXGroup;
			children = (
				EFAEBC1A24B4661700FF660D /* WeatherApp */,
				EFAEBC1924B4661700FF660D /* Products */,
				F27B864E2A7BB2AB785BEF81 /* Pods */,
				AA5E8F6C8ABFA7315645CA33 /* Frameworks */,
			);
			sourceTree = "<group>";
		};
		EFAEBC1924B4661700FF660D /* Products */ = {
			isa = PBXGroup;
			children = (
				EFAEBC1824B4661700FF660D /* WeatherApp.app */,
			);
			name = Products;
			sourceTree = "<group>";
		};
		EFAEBC1A24B4661700FF660D /* WeatherApp */ = {
			isa = PBXGroup;
			children = (
				EFAEBC5424B48E4A00FF660D /* Controllers */,
				EFAEBC3224B46B4D00FF660D /* Constants */,
				EFAEBC2F24B4689000FF660D /* ApiManager */,
				EFAEBC1B24B4661700FF660D /* AppDelegate.swift */,
				EFAEBC1D24B4661700FF660D /* SceneDelegate.swift */,
				EFAEBC2124B4661700FF660D /* Main.storyboard */,
				EFAEBC2424B4661800FF660D /* Assets.xcassets */,
				EFAEBC2624B4661800FF660D /* LaunchScreen.storyboard */,
				EFAEBC2924B4661800FF660D /* Info.plist */,
			);
			path = WeatherApp;
			sourceTree = "<group>";
		};
		EFAEBC2F24B4689000FF660D /* ApiManager */ = {
			isa = PBXGroup;
			children = (
				EFAEBC3024B468AE00FF660D /* ApiManager.swift */,
			);
			path = ApiManager;
			sourceTree = "<group>";
		};
		EFAEBC3224B46B4D00FF660D /* Constants */ = {
			isa = PBXGroup;
			children = (
				EFAEBC3324B46B6600FF660D /* Constant.swift */,
			);
			path = Constants;
			sourceTree = "<group>";
		};
		EFAEBC5424B48E4A00FF660D /* Controllers */ = {
			isa = PBXGroup;
			children = (
				EFAEBC1F24B4661700FF660D /* ViewController.swift */,
				EFAEBC5524B48E6400FF660D /* DetailViewController.swift */,
			);
			path = Controllers;
			sourceTree = "<group>";
		};
		F27B864E2A7BB2AB785BEF81 /* Pods */ = {
			isa = PBXGroup;
			children = (
				A5D97DC864788EF7595A8067 /* Pods-WeatherApp.debug.xcconfig */,
				0C98C7942BD160FD71F25728 /* Pods-WeatherApp.release.xcconfig */,
			);
			path = Pods;
			sourceTree = "<group>";
		};
/* End PBXGroup section */

/* Begin PBXNativeTarget section */
		EFAEBC1724B4661700FF660D /* WeatherApp */ = {
			isa = PBXNativeTarget;
			buildConfigurationList = EFAEBC2C24B4661800FF660D /* Build configuration list for PBXNativeTarget "WeatherApp" */;
			buildPhases = (
				10E27D71836D725F91C4EFE1 /* [CP] Check Pods Manifest.lock */,
				EFAEBC1424B4661700FF660D /* Sources */,
				EFAEBC1524B4661700FF660D /* Frameworks */,
				EFAEBC1624B4661700FF660D /* Resources */,
				32F888278E311800861C450A /* [CP] Embed Pods Frameworks */,
			);
			buildRules = (
			);
			dependencies = (
			);
			name = WeatherApp;
			productName = WeatherApp;
			productReference = EFAEBC1824B4661700FF660D /* WeatherApp.app */;
			productType = "com.apple.product-type.application";
		};
/* End PBXNativeTarget section */

/* Begin PBXProject section */
		EFAEBC1024B4661700FF660D /* Project object */ = {
			isa = PBXProject;
			attributes = {
				LastSwiftUpdateCheck = 1130;
				LastUpgradeCheck = 1130;
				ORGANIZATIONNAME = SlashNext;
				TargetAttributes = {
					EFAEBC1724B4661700FF660D = {
						CreatedOnToolsVersion = 11.3;
					};
				};
			};
			buildConfigurationList = EFAEBC1324B4661700FF660D /* Build configuration list for PBXProject "WeatherApp" */;
			compatibilityVersion = "Xcode 9.3";
			developmentRegion = en;
			hasScannedForEncodings = 0;
			knownRegions = (
				en,
				Base,
			);
			mainGroup = EFAEBC0F24B4661700FF660D;
			productRefGroup = EFAEBC1924B4661700FF660D /* Products */;
			projectDirPath = "";
			projectRoot = "";
			targets = (
				EFAEBC1724B4661700FF660D /* WeatherApp */,
			);
		};
/* End PBXProject section */

/* Begin PBXResourcesBuildPhase section */
		EFAEBC1624B4661700FF660D /* Resources */ = {
			isa = PBXResourcesBuildPhase;
			buildActionMask = 2147483647;
			files = (
				EFAEBC2824B4661800FF660D /* LaunchScreen.storyboard in Resources */,
				EFAEBC2524B4661800FF660D /* Assets.xcassets in Resources */,
				EFAEBC2324B4661700FF660D /* Main.storyboard in Resources */,
			);
			runOnlyForDeploymentPostprocessing = 0;
		};
/* End PBXResourcesBuildPhase section */

/* Begin PBXShellScriptBuildPhase section */
		10E27D71836D725F91C4EFE1 /* [CP] Check Pods Manifest.lock */ = {
			isa = PBXShellScriptBuildPhase;
			buildActionMask = 2147483647;
			files = (
			);
			inputFileListPaths = (
			);
			inputPaths = (
				"${PODS_PODFILE_DIR_PATH}/Podfile.lock",
				"${PODS_ROOT}/Manifest.lock",
			);
			name = "[CP] Check Pods Manifest.lock";
			outputFileListPaths = (
			);
			outputPaths = (
				"$(DERIVED_FILE_DIR)/Pods-WeatherApp-checkManifestLockResult.txt",
			);
			runOnlyForDeploymentPostprocessing = 0;
			shellPath = /bin/sh;
			shellScript = "diff \"${PODS_PODFILE_DIR_PATH}/Podfile.lock\" \"${PODS_ROOT}/Manifest.lock\" > /dev/null\nif [ $? != 0 ] ; then\n    # print error to STDERR\n    echo \"error: The sandbox is not in sync with the Podfile.lock. Run 'pod install' or update your CocoaPods installation.\" >&2\n    exit 1\nfi\n# This output is used by Xcode 'outputs' to avoid re-running this script phase.\necho \"SUCCESS\" > \"${SCRIPT_OUTPUT_FILE_0}\"\n";
			showEnvVarsInLog = 0;
		};
		32F888278E311800861C450A /* [CP] Embed Pods Frameworks */ = {
			isa = PBXShellScriptBuildPhase;
			buildActionMask = 2147483647;
			files = (
			);
			inputFileListPaths = (
				"${PODS_ROOT}/Target Support Files/Pods-WeatherApp/Pods-WeatherApp-frameworks-${CONFIGURATION}-input-files.xcfilelist",
			);
			name = "[CP] Embed Pods Frameworks";
			outputFileListPaths = (
				"${PODS_ROOT}/Target Support Files/Pods-WeatherApp/Pods-WeatherApp-frameworks-${CONFIGURATION}-output-files.xcfilelist",
			);
			runOnlyForDeploymentPostprocessing = 0;
			shellPath = /bin/sh;
			shellScript = "\"${PODS_ROOT}/Target Support Files/Pods-WeatherApp/Pods-WeatherApp-frameworks.sh\"\n";
			showEnvVarsInLog = 0;
		};
/* End PBXShellScriptBuildPhase section */

/* Begin PBXSourcesBuildPhase section */
		EFAEBC1424B4661700FF660D /* Sources */ = {
			isa = PBXSourcesBuildPhase;
			buildActionMask = 2147483647;
			files = (
				EFAEBC3124B468AE00FF660D /* ApiManager.swift in Sources */,
				EFAEBC2024B4661700FF660D /* ViewController.swift in Sources */,
				EFAEBC3424B46B6600FF660D /* Constant.swift in Sources */,
				EFAEBC1C24B4661700FF660D /* AppDelegate.swift in Sources */,
				EFAEBC1E24B4661700FF660D /* SceneDelegate.swift in Sources */,
				EFAEBC5624B48E6400FF660D /* DetailViewController.swift in Sources */,
			);
			runOnlyForDeploymentPostprocessing = 0;
		};
/* End PBXSourcesBuildPhase section */

/* Begin PBXVariantGroup section */
		EFAEBC2124B4661700FF660D /* Main.storyboard */ = {
			isa = PBXVariantGroup;
			children = (
				EFAEBC2224B4661700FF660D /* Base */,
			);
			name = Main.storyboard;
			sourceTree = "<group>";
		};
		EFAEBC2624B4661800FF660D /* LaunchScreen.storyboard */ = {
			isa = PBXVariantGroup;
			children = (
				EFAEBC2724B4661800FF660D /* Base */,
			);
			name = LaunchScreen.storyboard;
			sourceTree = "<group>";
		};
/* End PBXVariantGroup section */

/* Begin XCBuildConfiguration section */
		EFAEBC2A24B4661800FF660D /* Debug */ = {
			isa = XCBuildConfiguration;
			buildSettings = {
				ALWAYS_SEARCH_USER_PATHS = NO;
				CLANG_ANALYZER_NONNULL = YES;
				CLANG_ANALYZER_NUMBER_OBJECT_CONVERSION = YES_AGGRESSIVE;
				CLANG_CXX_LANGUAGE_STANDARD = "gnu++14";
				CLANG_CXX_LIBRARY = "libc++";
				CLANG_ENABLE_MODULES = YES;
				CLANG_ENABLE_OBJC_ARC = YES;
				CLANG_ENABLE_OBJC_WEAK = YES;
				CLANG_WARN_BLOCK_CAPTURE_AUTORELEASING = YES;
				CLANG_WARN_BOOL_CONVERSION = YES;
				CLANG_WARN_COMMA = YES;
				CLANG_WARN_CONSTANT_CONVERSION = YES;
				CLANG_WARN_DEPRECATED_OBJC_IMPLEMENTATIONS = YES;
				CLANG_WARN_DIRECT_OBJC_ISA_USAGE = YES_ERROR;
				CLANG_WARN_DOCUMENTATION_COMMENTS = YES;
				CLANG_WARN_EMPTY_BODY = YES;
				CLANG_WARN_ENUM_CONVERSION = YES;
				CLANG_WARN_INFINITE_RECURSION = YES;
				CLANG_WARN_INT_CONVERSION = YES;
				CLANG_WARN_NON_LITERAL_NULL_CONVERSION = YES;
				CLANG_WARN_OBJC_IMPLICIT_RETAIN_SELF = YES;
				CLANG_WARN_OBJC_LITERAL_CONVERSION = YES;
				CLANG_WARN_OBJC_ROOT_CLASS = YES_ERROR;
				CLANG_WARN_RANGE_LOOP_ANALYSIS = YES;
				CLANG_WARN_STRICT_PROTOTYPES = YES;
				CLANG_WARN_SUSPICIOUS_MOVE = YES;
				CLANG_WARN_UNGUARDED_AVAILABILITY = YES_AGGRESSIVE;
				CLANG_WARN_UNREACHABLE_CODE = YES;
				CLANG_WARN__DUPLICATE_METHOD_MATCH = YES;
				COPY_PHASE_STRIP = NO;
				DEBUG_INFORMATION_FORMAT = dwarf;
				ENABLE_STRICT_OBJC_MSGSEND = YES;
				ENABLE_TESTABILITY = YES;
				GCC_C_LANGUAGE_STANDARD = gnu11;
				GCC_DYNAMIC_NO_PIC = NO;
				GCC_NO_COMMON_BLOCKS = YES;
				GCC_OPTIMIZATION_LEVEL = 0;
				GCC_PREPROCESSOR_DEFINITIONS = (
					"DEBUG=1",
					"$(inherited)",
				);
				GCC_WARN_64_TO_32_BIT_CONVERSION = YES;
				GCC_WARN_ABOUT_RETURN_TYPE = YES_ERROR;
				GCC_WARN_UNDECLARED_SELECTOR = YES;
				GCC_WARN_UNINITIALIZED_AUTOS = YES_AGGRESSIVE;
				GCC_WARN_UNUSED_FUNCTION = YES;
				GCC_WARN_UNUSED_VARIABLE = YES;
				IPHONEOS_DEPLOYMENT_TARGET = 13.2;
				MTL_ENABLE_DEBUG_INFO = INCLUDE_SOURCE;
				MTL_FAST_MATH = YES;
				ONLY_ACTIVE_ARCH = YES;
				SDKROOT = iphoneos;
				SWIFT_ACTIVE_COMPILATION_CONDITIONS = DEBUG;
				SWIFT_OPTIMIZATION_LEVEL = "-Onone";
			};
			name = Debug;
		};
		EFAEBC2B24B4661800FF660D /* Release */ = {
			isa = XCBuildConfiguration;
			buildSettings = {
				ALWAYS_SEARCH_USER_PATHS = NO;
				CLANG_ANALYZER_NONNULL = YES;
				CLANG_ANALYZER_NUMBER_OBJECT_CONVERSION = YES_AGGRESSIVE;
				CLANG_CXX_LANGUAGE_STANDARD = "gnu++14";
				CLANG_CXX_LIBRARY = "libc++";
				CLANG_ENABLE_MODULES = YES;
				CLANG_ENABLE_OBJC_ARC = YES;
				CLANG_ENABLE_OBJC_WEAK = YES;
				CLANG_WARN_BLOCK_CAPTURE_AUTORELEASING = YES;
				CLANG_WARN_BOOL_CONVERSION = YES;
				CLANG_WARN_COMMA = YES;
				CLANG_WARN_CONSTANT_CONVERSION = YES;
				CLANG_WARN_DEPRECATED_OBJC_IMPLEMENTATIONS = YES;
				CLANG_WARN_DIRECT_OBJC_ISA_USAGE = YES_ERROR;
				CLANG_WARN_DOCUMENTATION_COMMENTS = YES;
				CLANG_WARN_EMPTY_BODY = YES;
				CLANG_WARN_ENUM_CONVERSION = YES;
				CLANG_WARN_INFINITE_RECURSION = YES;
				CLANG_WARN_INT_CONVERSION = YES;
				CLANG_WARN_NON_LITERAL_NULL_CONVERSION = YES;
				CLANG_WARN_OBJC_IMPLICIT_RETAIN_SELF = YES;
				CLANG_WARN_OBJC_LITERAL_CONVERSION = YES;
				CLANG_WARN_OBJC_ROOT_CLASS = YES_ERROR;
				CLANG_WARN_RANGE_LOOP_ANALYSIS = YES;
				CLANG_WARN_STRICT_PROTOTYPES = YES;
				CLANG_WARN_SUSPICIOUS_MOVE = YES;
				CLANG_WARN_UNGUARDED_AVAILABILITY = YES_AGGRESSIVE;
				CLANG_WARN_UNREACHABLE_CODE = YES;
				CLANG_WARN__DUPLICATE_METHOD_MATCH = YES;
				COPY_PHASE_STRIP = NO;
				DEBUG_INFORMATION_FORMAT = "dwarf-with-dsym";
				ENABLE_NS_ASSERTIONS = NO;
				ENABLE_STRICT_OBJC_MSGSEND = YES;
				GCC_C_LANGUAGE_STANDARD = gnu11;
				GCC_NO_COMMON_BLOCKS = YES;
				GCC_WARN_64_TO_32_BIT_CONVERSION = YES;
				GCC_WARN_ABOUT_RETURN_TYPE = YES_ERROR;
				GCC_WARN_UNDECLARED_SELECTOR = YES;
				GCC_WARN_UNINITIALIZED_AUTOS = YES_AGGRESSIVE;
				GCC_WARN_UNUSED_FUNCTION = YES;
				GCC_WARN_UNUSED_VARIABLE = YES;
				IPHONEOS_DEPLOYMENT_TARGET = 13.2;
				MTL_ENABLE_DEBUG_INFO = NO;
				MTL_FAST_MATH = YES;
				SDKROOT = iphoneos;
				SWIFT_COMPILATION_MODE = wholemodule;
				SWIFT_OPTIMIZATION_LEVEL = "-O";
				VALIDATE_PRODUCT = YES;
			};
			name = Release;
		};
		EFAEBC2D24B4661800FF660D /* Debug */ = {
			isa = XCBuildConfiguration;
			baseConfigurationReference = A5D97DC864788EF7595A8067 /* Pods-WeatherApp.debug.xcconfig */;
			buildSettings = {
				ASSETCATALOG_COMPILER_APPICON_NAME = AppIcon;
				CODE_SIGN_STYLE = Automatic;
				DEVELOPMENT_TEAM = 96N85A6A6X;
				INFOPLIST_FILE = WeatherApp/Info.plist;
				LD_RUNPATH_SEARCH_PATHS = (
					"$(inherited)",
					"@executable_path/Frameworks",
				);
				PRODUCT_BUNDLE_IDENTIFIER = com.snx.weatherapp.WeatherApp;
				PRODUCT_NAME = "$(TARGET_NAME)";
				SWIFT_VERSION = 5.0;
				TARGETED_DEVICE_FAMILY = "1,2";
			};
			name = Debug;
		};
		EFAEBC2E24B4661800FF660D /* Release */ = {
			isa = XCBuildConfiguration;
			baseConfigurationReference = 0C98C7942BD160FD71F25728 /* Pods-WeatherApp.release.xcconfig */;
			buildSettings = {
				ASSETCATALOG_COMPILER_APPICON_NAME = AppIcon;
				CODE_SIGN_STYLE = Automatic;
				DEVELOPMENT_TEAM = 96N85A6A6X;
				INFOPLIST_FILE = WeatherApp/Info.plist;
				LD_RUNPATH_SEARCH_PATHS = (
					"$(inherited)",
					"@executable_path/Frameworks",
				);
				PRODUCT_BUNDLE_IDENTIFIER = com.snx.weatherapp.WeatherApp;
				PRODUCT_NAME = "$(TARGET_NAME)";
				SWIFT_VERSION = 5.0;
				TARGETED_DEVICE_FAMILY = "1,2";
			};
			name = Release;
		};
/* End XCBuildConfiguration section */

/* Begin XCConfigurationList section */
		EFAEBC1324B4661700FF660D /* Build configuration list for PBXProject "WeatherApp" */ = {
			isa = XCConfigurationList;
			buildConfigurations = (
				EFAEBC2A24B4661800FF660D /* Debug */,
				EFAEBC2B24B4661800FF660D /* Release */,
			);
			defaultConfigurationIsVisible = 0;
			defaultConfigurationName = Release;
		};
		EFAEBC2C24B4661800FF660D /* Build configuration list for PBXNativeTarget "WeatherApp" */ = {
			isa = XCConfigurationList;
			buildConfigurations = (
				EFAEBC2D24B4661800FF660D /* Debug */,
				EFAEBC2E24B4661800FF660D /* Release */,
			);
			defaultConfigurationIsVisible = 0;
			defaultConfigurationName = Release;
		};
/* End XCConfigurationList section */
	};
	rootObject = EFAEBC1024B4661700FF660D /* Project object */;
}
